
Microsoft Visual Studio Solution File, Format Version 12.00
# Visual Studio Version 17
VisualStudioVersion = 17.4.32804.182
MinimumVisualStudioVersion = 10.0.40219.1
Project("{FAE04EC0-301F-11D3-BF4B-00C04F79EFBC}") = "RateLimitDemo", "RateLimitDemo.csproj", "{4600AE36-BABC-40CC-A920-41EB929860CE}"
EndProject
Global
	GlobalSection(SolutionConfigurationPlatforms) = preSolution
		Debug|Any CPU = Debug|Any CPU
		Release|Any CPU = Release|Any CPU
	EndGlobalSection
	GlobalSection(ProjectConfigurationPlatforms) = postSolution
		{4600AE36-BABC-40CC-A920-41EB929860CE}.Debug|Any CPU.ActiveCfg = Debug|Any CPU
		{4600AE36-BABC-40CC-A920-41EB929860CE}.Debug|Any CPU.Build.0 = Debug|Any CPU
		{4600AE36-BABC-40CC-A920-41EB929860CE}.Release|Any CPU.ActiveCfg = Release|Any CPU
		{4600AE36-BABC-40CC-A920-41EB929860CE}.Release|Any CPU.Build.0 = Release|Any CPU
	EndGlobalSection
	GlobalSection(SolutionProperties) = preSolution
		HideSolutionNode = FALSE
	EndGlobalSection
	GlobalSection(ExtensibilityGlobals) = postSolution
		SolutionGuid = {28C0C45E-5323-4049-BDED-E03FE65988A8}
	EndGlobalSection
EndGlobal
