
Microsoft Visual Studio Solution File, Format Version 12.00
# Visual Studio Version 16
VisualStudioVersion = 16.0.30517.126
MinimumVisualStudioVersion = 10.0.40219.1
Project("{FAE04EC0-301F-11D3-BF4B-00C04F79EFBC}") = "FilePickerDemo", "FilePickerDemo\FilePickerDemo.csproj", "{5D9CBEF5-0CAA-4394-825F-0599FFD7D484}"
EndProject
Global
	GlobalSection(SolutionConfigurationPlatforms) = preSolution
		Debug|Any CPU = Debug|Any CPU
		Release|Any CPU = Release|Any CPU
	EndGlobalSection
	GlobalSection(ProjectConfigurationPlatforms) = postSolution
		{5D9CBEF5-0CAA-4394-825F-0599FFD7D484}.Debug|Any CPU.ActiveCfg = Debug|Any CPU
		{5D9CBEF5-0CAA-4394-825F-0599FFD7D484}.Debug|Any CPU.Build.0 = Debug|Any CPU
		{5D9CBEF5-0CAA-4394-825F-0599FFD7D484}.Release|Any CPU.ActiveCfg = Release|Any CPU
		{5D9CBEF5-0CAA-4394-825F-0599FFD7D484}.Release|Any CPU.Build.0 = Release|Any CPU
	EndGlobalSection
	GlobalSection(SolutionProperties) = preSolution
		HideSolutionNode = FALSE
	EndGlobalSection
	GlobalSection(ExtensibilityGlobals) = postSolution
		SolutionGuid = {4558C27D-5789-43AE-974D-AFAE03446AA3}
	EndGlobalSection
EndGlobal
